// !$*UTF8*$!
{
	archiveVersion = 1;
	classes = {
	};
	objectVersion = 46;
	objects = {

/* Begin PBXBuildFile section */
		1D8DDA7A488D5F623FC106BF /* Pods_iTFLS_Seller.framework in Frameworks */ = {isa = PBXBuildFile; fileRef = C1AA43EE0C071ACE68592433 /* Pods_iTFLS_Seller.framework */; };
		54235D761E4ADAE9003F47B5 /* ThirdViewController.swift in Sources */ = {isa = PBXBuildFile; fileRef = 54235D751E4ADAE9003F47B5 /* ThirdViewController.swift */; };
		54235D801E4B2CE2003F47B5 /* Podfile in Resources */ = {isa = PBXBuildFile; fileRef = 54235D7F1E4B2CE2003F47B5 /* Podfile */; };
		54235D821E4B7224003F47B5 /* ScanCodeViewController.swift in Sources */ = {isa = PBXBuildFile; fileRef = 54235D811E4B7224003F47B5 /* ScanCodeViewController.swift */; };
		5430F5951E4ABD27002037D7 /* AppDelegate.swift in Sources */ = {isa = PBXBuildFile; fileRef = 5430F5941E4ABD27002037D7 /* AppDelegate.swift */; };
		5430F5971E4ABD27002037D7 /* FirstViewController.swift in Sources */ = {isa = PBXBuildFile; fileRef = 5430F5961E4ABD27002037D7 /* FirstViewController.swift */; };
		5430F5991E4ABD27002037D7 /* SecondViewController.swift in Sources */ = {isa = PBXBuildFile; fileRef = 5430F5981E4ABD27002037D7 /* SecondViewController.swift */; };
		5430F59C1E4ABD27002037D7 /* Main.storyboard in Resources */ = {isa = PBXBuildFile; fileRef = 5430F59A1E4ABD27002037D7 /* Main.storyboard */; };
		5430F59E1E4ABD27002037D7 /* Assets.xcassets in Resources */ = {isa = PBXBuildFile; fileRef = 5430F59D1E4ABD27002037D7 /* Assets.xcassets */; };
		5430F5A11E4ABD27002037D7 /* LaunchScreen.storyboard in Resources */ = {isa = PBXBuildFile; fileRef = 5430F59F1E4ABD27002037D7 /* LaunchScreen.storyboard */; };
		5430F5AC1E4ABD27002037D7 /* iTFLS_SellerTests.swift in Sources */ = {isa = PBXBuildFile; fileRef = 5430F5AB1E4ABD27002037D7 /* iTFLS_SellerTests.swift */; };
		5430F5B71E4ABD27002037D7 /* iTFLS_SellerUITests.swift in Sources */ = {isa = PBXBuildFile; fileRef = 5430F5B61E4ABD27002037D7 /* iTFLS_SellerUITests.swift */; };
		748955EF75980B5282D081FA /* Pods_iTFLS_SellerUITests.framework in Frameworks */ = {isa = PBXBuildFile; fileRef = 1D80BF4D875017751483B524 /* Pods_iTFLS_SellerUITests.framework */; };
		A538C93D3804D20899CB5BF0 /* Pods_iTFLS_SellerTests.framework in Frameworks */ = {isa = PBXBuildFile; fileRef = 060460AC4FE17A481DB825D2 /* Pods_iTFLS_SellerTests.framework */; };
/* End PBXBuildFile section */

/* Begin PBXContainerItemProxy section */
		5430F5A81E4ABD27002037D7 /* PBXContainerItemProxy */ = {
			isa = PBXContainerItemProxy;
			containerPortal = 5430F5891E4ABD27002037D7 /* Project object */;
			proxyType = 1;
			remoteGlobalIDString = 5430F5901E4ABD27002037D7;
			remoteInfo = "iTFLS Seller";
		};
		5430F5B31E4ABD27002037D7 /* PBXContainerItemProxy */ = {
			isa = PBXContainerItemProxy;
			containerPortal = 5430F5891E4ABD27002037D7 /* Project object */;
			proxyType = 1;
			remoteGlobalIDString = 5430F5901E4ABD27002037D7;
			remoteInfo = "iTFLS Seller";
		};
/* End PBXContainerItemProxy section */

/* Begin PBXFileReference section */
		060460AC4FE17A481DB825D2 /* Pods_iTFLS_SellerTests.framework */ = {isa = PBXFileReference; explicitFileType = wrapper.framework; includeInIndex = 0; path = Pods_iTFLS_SellerTests.framework; sourceTree = BUILT_PRODUCTS_DIR; };
		1D80BF4D875017751483B524 /* Pods_iTFLS_SellerUITests.framework */ = {isa = PBXFileReference; explicitFileType = wrapper.framework; includeInIndex = 0; path = Pods_iTFLS_SellerUITests.framework; sourceTree = BUILT_PRODUCTS_DIR; };
		29B375916A114FEC181D8CBC /* Pods-iTFLS Seller.debug.xcconfig */ = {isa = PBXFileReference; includeInIndex = 1; lastKnownFileType = text.xcconfig; name = "Pods-iTFLS Seller.debug.xcconfig"; path = "Pods/Target Support Files/Pods-iTFLS Seller/Pods-iTFLS Seller.debug.xcconfig"; sourceTree = "<group>"; };
		48947FE36492B16AE27B1C05 /* Pods-iTFLS Seller.release.xcconfig */ = {isa = PBXFileReference; includeInIndex = 1; lastKnownFileType = text.xcconfig; name = "Pods-iTFLS Seller.release.xcconfig"; path = "Pods/Target Support Files/Pods-iTFLS Seller/Pods-iTFLS Seller.release.xcconfig"; sourceTree = "<group>"; };
		54235D751E4ADAE9003F47B5 /* ThirdViewController.swift */ = {isa = PBXFileReference; fileEncoding = 4; lastKnownFileType = sourcecode.swift; path = ThirdViewController.swift; sourceTree = "<group>"; };
		54235D7F1E4B2CE2003F47B5 /* Podfile */ = {isa = PBXFileReference; fileEncoding = 4; lastKnownFileType = text; path = Podfile; sourceTree = "<group>"; };
		54235D811E4B7224003F47B5 /* ScanCodeViewController.swift */ = {isa = PBXFileReference; fileEncoding = 4; lastKnownFileType = sourcecode.swift; path = ScanCodeViewController.swift; sourceTree = "<group>"; };
		5430F5911E4ABD27002037D7 /* iTFLS Seller.app */ = {isa = PBXFileReference; explicitFileType = wrapper.application; includeInIndex = 0; path = "iTFLS Seller.app"; sourceTree = BUILT_PRODUCTS_DIR; };
		5430F5941E4ABD27002037D7 /* AppDelegate.swift */ = {isa = PBXFileReference; lastKnownFileType = sourcecode.swift; path = AppDelegate.swift; sourceTree = "<group>"; };
		5430F5961E4ABD27002037D7 /* FirstViewController.swift */ = {isa = PBXFileReference; lastKnownFileType = sourcecode.swift; path = FirstViewController.swift; sourceTree = "<group>"; };
		5430F5981E4ABD27002037D7 /* SecondViewController.swift */ = {isa = PBXFileReference; lastKnownFileType = sourcecode.swift; path = SecondViewController.swift; sourceTree = "<group>"; };
		5430F59B1E4ABD27002037D7 /* Base */ = {isa = PBXFileReference; lastKnownFileType = file.storyboard; name = Base; path = Base.lproj/Main.storyboard; sourceTree = "<group>"; };
		5430F59D1E4ABD27002037D7 /* Assets.xcassets */ = {isa = PBXFileReference; lastKnownFileType = folder.assetcatalog; path = Assets.xcassets; sourceTree = "<group>"; };
		5430F5A01E4ABD27002037D7 /* Base */ = {isa = PBXFileReference; lastKnownFileType = file.storyboard; name = Base; path = Base.lproj/LaunchScreen.storyboard; sourceTree = "<group>"; };
		5430F5A21E4ABD27002037D7 /* Info.plist */ = {isa = PBXFileReference; lastKnownFileType = text.plist.xml; path = Info.plist; sourceTree = "<group>"; };
		5430F5A71E4ABD27002037D7 /* iTFLS SellerTests.xctest */ = {isa = PBXFileReference; explicitFileType = wrapper.cfbundle; includeInIndex = 0; path = "iTFLS SellerTests.xctest"; sourceTree = BUILT_PRODUCTS_DIR; };
		5430F5AB1E4ABD27002037D7 /* iTFLS_SellerTests.swift */ = {isa = PBXFileReference; lastKnownFileType = sourcecode.swift; path = iTFLS_SellerTests.swift; sourceTree = "<group>"; };
		5430F5AD1E4ABD27002037D7 /* Info.plist */ = {isa = PBXFileReference; lastKnownFileType = text.plist.xml; path = Info.plist; sourceTree = "<group>"; };
		5430F5B21E4ABD27002037D7 /* iTFLS SellerUITests.xctest */ = {isa = PBXFileReference; explicitFileType = wrapper.cfbundle; includeInIndex = 0; path = "iTFLS SellerUITests.xctest"; sourceTree = BUILT_PRODUCTS_DIR; };
		5430F5B61E4ABD27002037D7 /* iTFLS_SellerUITests.swift */ = {isa = PBXFileReference; lastKnownFileType = sourcecode.swift; path = iTFLS_SellerUITests.swift; sourceTree = "<group>"; };
		5430F5B81E4ABD27002037D7 /* Info.plist */ = {isa = PBXFileReference; lastKnownFileType = text.plist.xml; path = Info.plist; sourceTree = "<group>"; };
		571A2315F314D1D8D632D59A /* Pods-iTFLS SellerTests.debug.xcconfig */ = {isa = PBXFileReference; includeInIndex = 1; lastKnownFileType = text.xcconfig; name = "Pods-iTFLS SellerTests.debug.xcconfig"; path = "Pods/Target Support Files/Pods-iTFLS SellerTests/Pods-iTFLS SellerTests.debug.xcconfig"; sourceTree = "<group>"; };
		81FA5838618D54BAA726C23C /* Pods-iTFLS SellerUITests.release.xcconfig */ = {isa = PBXFileReference; includeInIndex = 1; lastKnownFileType = text.xcconfig; name = "Pods-iTFLS SellerUITests.release.xcconfig"; path = "Pods/Target Support Files/Pods-iTFLS SellerUITests/Pods-iTFLS SellerUITests.release.xcconfig"; sourceTree = "<group>"; };
		88A74E91695EC0E78EF6FACE /* Pods-iTFLS SellerTests.release.xcconfig */ = {isa = PBXFileReference; includeInIndex = 1; lastKnownFileType = text.xcconfig; name = "Pods-iTFLS SellerTests.release.xcconfig"; path = "Pods/Target Support Files/Pods-iTFLS SellerTests/Pods-iTFLS SellerTests.release.xcconfig"; sourceTree = "<group>"; };
		A310780290591482652D802B /* Pods-iTFLS SellerUITests.debug.xcconfig */ = {isa = PBXFileReference; includeInIndex = 1; lastKnownFileType = text.xcconfig; name = "Pods-iTFLS SellerUITests.debug.xcconfig"; path = "Pods/Target Support Files/Pods-iTFLS SellerUITests/Pods-iTFLS SellerUITests.debug.xcconfig"; sourceTree = "<group>"; };
		C1AA43EE0C071ACE68592433 /* Pods_iTFLS_Seller.framework */ = {isa = PBXFileReference; explicitFileType = wrapper.framework; includeInIndex = 0; path = Pods_iTFLS_Seller.framework; sourceTree = BUILT_PRODUCTS_DIR; };
/* End PBXFileReference section */

/* Begin PBXFrameworksBuildPhase section */
		5430F58E1E4ABD27002037D7 /* Frameworks */ = {
			isa = PBXFrameworksBuildPhase;
			buildActionMask = 2147483647;
			files = (
				1D8DDA7A488D5F623FC106BF /* Pods_iTFLS_Seller.framework in Frameworks */,
			);
			runOnlyForDeploymentPostprocessing = 0;
		};
		5430F5A41E4ABD27002037D7 /* Frameworks */ = {
			isa = PBXFrameworksBuildPhase;
			buildActionMask = 2147483647;
			files = (
				A538C93D3804D20899CB5BF0 /* Pods_iTFLS_SellerTests.framework in Frameworks */,
			);
			runOnlyForDeploymentPostprocessing = 0;
		};
		5430F5AF1E4ABD27002037D7 /* Frameworks */ = {
			isa = PBXFrameworksBuildPhase;
			buildActionMask = 2147483647;
			files = (
				748955EF75980B5282D081FA /* Pods_iTFLS_SellerUITests.framework in Frameworks */,
			);
			runOnlyForDeploymentPostprocessing = 0;
		};
/* End PBXFrameworksBuildPhase section */

/* Begin PBXGroup section */
		52C8C9A39C93F786C030D92B /* Frameworks */ = {
			isa = PBXGroup;
			children = (
				C1AA43EE0C071ACE68592433 /* Pods_iTFLS_Seller.framework */,
				060460AC4FE17A481DB825D2 /* Pods_iTFLS_SellerTests.framework */,
				1D80BF4D875017751483B524 /* Pods_iTFLS_SellerUITests.framework */,
			);
			name = Frameworks;
			sourceTree = "<group>";
		};
		5430F5881E4ABD27002037D7 = {
			isa = PBXGroup;
			children = (
				54235D7F1E4B2CE2003F47B5 /* Podfile */,
				5430F5931E4ABD27002037D7 /* iTFLS Seller */,
				5430F5AA1E4ABD27002037D7 /* iTFLS SellerTests */,
				5430F5B51E4ABD27002037D7 /* iTFLS SellerUITests */,
				5430F5921E4ABD27002037D7 /* Products */,
				9879C91F2D241004B3CE16DF /* Pods */,
				52C8C9A39C93F786C030D92B /* Frameworks */,
			);
			sourceTree = "<group>";
		};
		5430F5921E4ABD27002037D7 /* Products */ = {
			isa = PBXGroup;
			children = (
				5430F5911E4ABD27002037D7 /* iTFLS Seller.app */,
				5430F5A71E4ABD27002037D7 /* iTFLS SellerTests.xctest */,
				5430F5B21E4ABD27002037D7 /* iTFLS SellerUITests.xctest */,
			);
			name = Products;
			sourceTree = "<group>";
		};
		5430F5931E4ABD27002037D7 /* iTFLS Seller */ = {
			isa = PBXGroup;
			children = (
				5430F5941E4ABD27002037D7 /* AppDelegate.swift */,
				5430F5961E4ABD27002037D7 /* FirstViewController.swift */,
				5430F5981E4ABD27002037D7 /* SecondViewController.swift */,
				5430F59A1E4ABD27002037D7 /* Main.storyboard */,
				5430F59D1E4ABD27002037D7 /* Assets.xcassets */,
				5430F59F1E4ABD27002037D7 /* LaunchScreen.storyboard */,
				5430F5A21E4ABD27002037D7 /* Info.plist */,
				54235D751E4ADAE9003F47B5 /* ThirdViewController.swift */,
				54235D811E4B7224003F47B5 /* ScanCodeViewController.swift */,
			);
			path = "iTFLS Seller";
			sourceTree = "<group>";
		};
		5430F5AA1E4ABD27002037D7 /* iTFLS SellerTests */ = {
			isa = PBXGroup;
			children = (
				5430F5AB1E4ABD27002037D7 /* iTFLS_SellerTests.swift */,
				5430F5AD1E4ABD27002037D7 /* Info.plist */,
			);
			path = "iTFLS SellerTests";
			sourceTree = "<group>";
		};
		5430F5B51E4ABD27002037D7 /* iTFLS SellerUITests */ = {
			isa = PBXGroup;
			children = (
				5430F5B61E4ABD27002037D7 /* iTFLS_SellerUITests.swift */,
				5430F5B81E4ABD27002037D7 /* Info.plist */,
			);
			path = "iTFLS SellerUITests";
			sourceTree = "<group>";
		};
		9879C91F2D241004B3CE16DF /* Pods */ = {
			isa = PBXGroup;
			children = (
				29B375916A114FEC181D8CBC /* Pods-iTFLS Seller.debug.xcconfig */,
				48947FE36492B16AE27B1C05 /* Pods-iTFLS Seller.release.xcconfig */,
				571A2315F314D1D8D632D59A /* Pods-iTFLS SellerTests.debug.xcconfig */,
				88A74E91695EC0E78EF6FACE /* Pods-iTFLS SellerTests.release.xcconfig */,
				A310780290591482652D802B /* Pods-iTFLS SellerUITests.debug.xcconfig */,
				81FA5838618D54BAA726C23C /* Pods-iTFLS SellerUITests.release.xcconfig */,
			);
			name = Pods;
			sourceTree = "<group>";
		};
/* End PBXGroup section */

/* Begin PBXNativeTarget section */
		5430F5901E4ABD27002037D7 /* iTFLS Seller */ = {
			isa = PBXNativeTarget;
			buildConfigurationList = 5430F5BB1E4ABD27002037D7 /* Build configuration list for PBXNativeTarget "iTFLS Seller" */;
			buildPhases = (
				9DEFB2A6BBF52D68646A715D /* [CP] Check Pods Manifest.lock */,
				5430F58D1E4ABD27002037D7 /* Sources */,
				5430F58E1E4ABD27002037D7 /* Frameworks */,
				5430F58F1E4ABD27002037D7 /* Resources */,
				A46880E07C1AFB2176B359C4 /* [CP] Embed Pods Frameworks */,
				93AA009DD31DC58ECD71451B /* [CP] Copy Pods Resources */,
			);
			buildRules = (
			);
			dependencies = (
			);
			name = "iTFLS Seller";
			productName = "iTFLS Seller";
			productReference = 5430F5911E4ABD27002037D7 /* iTFLS Seller.app */;
			productType = "com.apple.product-type.application";
		};
		5430F5A61E4ABD27002037D7 /* iTFLS SellerTests */ = {
			isa = PBXNativeTarget;
			buildConfigurationList = 5430F5BE1E4ABD27002037D7 /* Build configuration list for PBXNativeTarget "iTFLS SellerTests" */;
			buildPhases = (
				0D58C08DA468FA9BF8A6241A /* [CP] Check Pods Manifest.lock */,
				5430F5A31E4ABD27002037D7 /* Sources */,
				5430F5A41E4ABD27002037D7 /* Frameworks */,
				5430F5A51E4ABD27002037D7 /* Resources */,
				16C31E1B44886A8FD41CDDBE /* [CP] Embed Pods Frameworks */,
				398A79BC6A5B7D07CD44D1F9 /* [CP] Copy Pods Resources */,
			);
			buildRules = (
			);
			dependencies = (
				5430F5A91E4ABD27002037D7 /* PBXTargetDependency */,
			);
			name = "iTFLS SellerTests";
			productName = "iTFLS SellerTests";
			productReference = 5430F5A71E4ABD27002037D7 /* iTFLS SellerTests.xctest */;
			productType = "com.apple.product-type.bundle.unit-test";
		};
		5430F5B11E4ABD27002037D7 /* iTFLS SellerUITests */ = {
			isa = PBXNativeTarget;
			buildConfigurationList = 5430F5C11E4ABD27002037D7 /* Build configuration list for PBXNativeTarget "iTFLS SellerUITests" */;
			buildPhases = (
				414F1CD03C31700CA35EDE94 /* [CP] Check Pods Manifest.lock */,
				5430F5AE1E4ABD27002037D7 /* Sources */,
				5430F5AF1E4ABD27002037D7 /* Frameworks */,
				5430F5B01E4ABD27002037D7 /* Resources */,
				878F31E189FBC65506BB5F67 /* [CP] Embed Pods Frameworks */,
				BF62C027B953DE93EDB7180E /* [CP] Copy Pods Resources */,
			);
			buildRules = (
			);
			dependencies = (
				5430F5B41E4ABD27002037D7 /* PBXTargetDependency */,
			);
			name = "iTFLS SellerUITests";
			productName = "iTFLS SellerUITests";
			productReference = 5430F5B21E4ABD27002037D7 /* iTFLS SellerUITests.xctest */;
			productType = "com.apple.product-type.bundle.ui-testing";
		};
/* End PBXNativeTarget section */

/* Begin PBXProject section */
		5430F5891E4ABD27002037D7 /* Project object */ = {
			isa = PBXProject;
			attributes = {
				LastSwiftUpdateCheck = 0820;
				LastUpgradeCheck = 0820;
				ORGANIZATIONNAME = yqszxx;
				TargetAttributes = {
					5430F5901E4ABD27002037D7 = {
						CreatedOnToolsVersion = 8.2.1;
						DevelopmentTeam = 78V6E5P5R5;
						ProvisioningStyle = Automatic;
					};
					5430F5A61E4ABD27002037D7 = {
						CreatedOnToolsVersion = 8.2.1;
						DevelopmentTeam = 78V6E5P5R5;
						ProvisioningStyle = Automatic;
						TestTargetID = 5430F5901E4ABD27002037D7;
					};
					5430F5B11E4ABD27002037D7 = {
						CreatedOnToolsVersion = 8.2.1;
						DevelopmentTeam = 78V6E5P5R5;
						ProvisioningStyle = Automatic;
						TestTargetID = 5430F5901E4ABD27002037D7;
					};
				};
			};
			buildConfigurationList = 5430F58C1E4ABD27002037D7 /* Build configuration list for PBXProject "iTFLS Seller" */;
			compatibilityVersion = "Xcode 3.2";
			developmentRegion = English;
			hasScannedForEncodings = 0;
			knownRegions = (
				en,
				Base,
			);
			mainGroup = 5430F5881E4ABD27002037D7;
			productRefGroup = 5430F5921E4ABD27002037D7 /* Products */;
			projectDirPath = "";
			projectRoot = "";
			targets = (
				5430F5901E4ABD27002037D7 /* iTFLS Seller */,
				5430F5A61E4ABD27002037D7 /* iTFLS SellerTests */,
				5430F5B11E4ABD27002037D7 /* iTFLS SellerUITests */,
			);
		};
/* End PBXProject section */

/* Begin PBXResourcesBuildPhase section */
		5430F58F1E4ABD27002037D7 /* Resources */ = {
			isa = PBXResourcesBuildPhase;
			buildActionMask = 2147483647;
			files = (
				5430F5A11E4ABD27002037D7 /* LaunchScreen.storyboard in Resources */,
				5430F59E1E4ABD27002037D7 /* Assets.xcassets in Resources */,
				54235D801E4B2CE2003F47B5 /* Podfile in Resources */,
				5430F59C1E4ABD27002037D7 /* Main.storyboard in Resources */,
			);
			runOnlyForDeploymentPostprocessing = 0;
		};
		5430F5A51E4ABD27002037D7 /* Resources */ = {
			isa = PBXResourcesBuildPhase;
			buildActionMask = 2147483647;
			files = (
			);
			runOnlyForDeploymentPostprocessing = 0;
		};
		5430F5B01E4ABD27002037D7 /* Resources */ = {
			isa = PBXResourcesBuildPhase;
			buildActionMask = 2147483647;
			files = (
			);
			runOnlyForDeploymentPostprocessing = 0;
		};
/* End PBXResourcesBuildPhase section */

/* Begin PBXShellScriptBuildPhase section */
		0D58C08DA468FA9BF8A6241A /* [CP] Check Pods Manifest.lock */ = {
			isa = PBXShellScriptBuildPhase;
			buildActionMask = 2147483647;
			files = (
			);
			inputPaths = (
			);
			name = "[CP] Check Pods Manifest.lock";
			outputPaths = (
			);
			runOnlyForDeploymentPostprocessing = 0;
			shellPath = /bin/sh;
			shellScript = "diff \"${PODS_ROOT}/../Podfile.lock\" \"${PODS_ROOT}/Manifest.lock\" > /dev/null\nif [ $? != 0 ] ; then\n    # print error to STDERR\n    echo \"error: The sandbox is not in sync with the Podfile.lock. Run 'pod install' or update your CocoaPods installation.\" >&2\n    exit 1\nfi\n";
			showEnvVarsInLog = 0;
		};
		16C31E1B44886A8FD41CDDBE /* [CP] Embed Pods Frameworks */ = {
			isa = PBXShellScriptBuildPhase;
			buildActionMask = 2147483647;
			files = (
			);
			inputPaths = (
			);
			name = "[CP] Embed Pods Frameworks";
			outputPaths = (
			);
			runOnlyForDeploymentPostprocessing = 0;
			shellPath = /bin/sh;
			shellScript = "\"${SRCROOT}/Pods/Target Support Files/Pods-iTFLS SellerTests/Pods-iTFLS SellerTests-frameworks.sh\"\n";
			showEnvVarsInLog = 0;
		};
		398A79BC6A5B7D07CD44D1F9 /* [CP] Copy Pods Resources */ = {
			isa = PBXShellScriptBuildPhase;
			buildActionMask = 2147483647;
			files = (
			);
			inputPaths = (
			);
			name = "[CP] Copy Pods Resources";
			outputPaths = (
			);
			runOnlyForDeploymentPostprocessing = 0;
			shellPath = /bin/sh;
			shellScript = "\"${SRCROOT}/Pods/Target Support Files/Pods-iTFLS SellerTests/Pods-iTFLS SellerTests-resources.sh\"\n";
			showEnvVarsInLog = 0;
		};
		414F1CD03C31700CA35EDE94 /* [CP] Check Pods Manifest.lock */ = {
			isa = PBXShellScriptBuildPhase;
			buildActionMask = 2147483647;
			files = (
			);
			inputPaths = (
			);
			name = "[CP] Check Pods Manifest.lock";
			outputPaths = (
			);
			runOnlyForDeploymentPostprocessing = 0;
			shellPath = /bin/sh;
			shellScript = "diff \"${PODS_ROOT}/../Podfile.lock\" \"${PODS_ROOT}/Manifest.lock\" > /dev/null\nif [ $? != 0 ] ; then\n    # print error to STDERR\n    echo \"error: The sandbox is not in sync with the Podfile.lock. Run 'pod install' or update your CocoaPods installation.\" >&2\n    exit 1\nfi\n";
			showEnvVarsInLog = 0;
		};
		878F31E189FBC65506BB5F67 /* [CP] Embed Pods Frameworks */ = {
			isa = PBXShellScriptBuildPhase;
			buildActionMask = 2147483647;
			files = (
			);
			inputPaths = (
			);
			name = "[CP] Embed Pods Frameworks";
			outputPaths = (
			);
			runOnlyForDeploymentPostprocessing = 0;
			shellPath = /bin/sh;
			shellScript = "\"${SRCROOT}/Pods/Target Support Files/Pods-iTFLS SellerUITests/Pods-iTFLS SellerUITests-frameworks.sh\"\n";
			showEnvVarsInLog = 0;
		};
		93AA009DD31DC58ECD71451B /* [CP] Copy Pods Resources */ = {
			isa = PBXShellScriptBuildPhase;
			buildActionMask = 2147483647;
			files = (
			);
			inputPaths = (
			);
			name = "[CP] Copy Pods Resources";
			outputPaths = (
			);
			runOnlyForDeploymentPostprocessing = 0;
			shellPath = /bin/sh;
			shellScript = "\"${SRCROOT}/Pods/Target Support Files/Pods-iTFLS Seller/Pods-iTFLS Seller-resources.sh\"\n";
			showEnvVarsInLog = 0;
		};
		9DEFB2A6BBF52D68646A715D /* [CP] Check Pods Manifest.lock */ = {
			isa = PBXShellScriptBuildPhase;
			buildActionMask = 2147483647;
			files = (
			);
			inputPaths = (
			);
			name = "[CP] Check Pods Manifest.lock";
			outputPaths = (
			);
			runOnlyForDeploymentPostprocessing = 0;
			shellPath = /bin/sh;
			shellScript = "diff \"${PODS_ROOT}/../Podfile.lock\" \"${PODS_ROOT}/Manifest.lock\" > /dev/null\nif [ $? != 0 ] ; then\n    # print error to STDERR\n    echo \"error: The sandbox is not in sync with the Podfile.lock. Run 'pod install' or update your CocoaPods installation.\" >&2\n    exit 1\nfi\n";
			showEnvVarsInLog = 0;
		};
		A46880E07C1AFB2176B359C4 /* [CP] Embed Pods Frameworks */ = {
			isa = PBXShellScriptBuildPhase;
			buildActionMask = 2147483647;
			files = (
			);
			inputPaths = (
			);
			name = "[CP] Embed Pods Frameworks";
			outputPaths = (
			);
			runOnlyForDeploymentPostprocessing = 0;
			shellPath = /bin/sh;
			shellScript = "\"${SRCROOT}/Pods/Target Support Files/Pods-iTFLS Seller/Pods-iTFLS Seller-frameworks.sh\"\n";
			showEnvVarsInLog = 0;
		};
		BF62C027B953DE93EDB7180E /* [CP] Copy Pods Resources */ = {
			isa = PBXShellScriptBuildPhase;
			buildActionMask = 2147483647;
			files = (
			);
			inputPaths = (
			);
			name = "[CP] Copy Pods Resources";
			outputPaths = (
			);
			runOnlyForDeploymentPostprocessing = 0;
			shellPath = /bin/sh;
			shellScript = "\"${SRCROOT}/Pods/Target Support Files/Pods-iTFLS SellerUITests/Pods-iTFLS SellerUITests-resources.sh\"\n";
			showEnvVarsInLog = 0;
		};
/* End PBXShellScriptBuildPhase section */

/* Begin PBXSourcesBuildPhase section */
		5430F58D1E4ABD27002037D7 /* Sources */ = {
			isa = PBXSourcesBuildPhase;
			buildActionMask = 2147483647;
			files = (
				5430F5991E4ABD27002037D7 /* SecondViewController.swift in Sources */,
				5430F5951E4ABD27002037D7 /* AppDelegate.swift in Sources */,
				54235D821E4B7224003F47B5 /* ScanCodeViewController.swift in Sources */,
				54235D761E4ADAE9003F47B5 /* ThirdViewController.swift in Sources */,
				5430F5971E4ABD27002037D7 /* FirstViewController.swift in Sources */,
			);
			runOnlyForDeploymentPostprocessing = 0;
		};
		5430F5A31E4ABD27002037D7 /* Sources */ = {
			isa = PBXSourcesBuildPhase;
			buildActionMask = 2147483647;
			files = (
				5430F5AC1E4ABD27002037D7 /* iTFLS_SellerTests.swift in Sources */,
			);
			runOnlyForDeploymentPostprocessing = 0;
		};
		5430F5AE1E4ABD27002037D7 /* Sources */ = {
			isa = PBXSourcesBuildPhase;
			buildActionMask = 2147483647;
			files = (
				5430F5B71E4ABD27002037D7 /* iTFLS_SellerUITests.swift in Sources */,
			);
			runOnlyForDeploymentPostprocessing = 0;
		};
/* End PBXSourcesBuildPhase section */

/* Begin PBXTargetDependency section */
		5430F5A91E4ABD27002037D7 /* PBXTargetDependency */ = {
			isa = PBXTargetDependency;
			target = 5430F5901E4ABD27002037D7 /* iTFLS Seller */;
			targetProxy = 5430F5A81E4ABD27002037D7 /* PBXContainerItemProxy */;
		};
		5430F5B41E4ABD27002037D7 /* PBXTargetDependency */ = {
			isa = PBXTargetDependency;
			target = 5430F5901E4ABD27002037D7 /* iTFLS Seller */;
			targetProxy = 5430F5B31E4ABD27002037D7 /* PBXContainerItemProxy */;
		};
/* End PBXTargetDependency section */

/* Begin PBXVariantGroup section */
		5430F59A1E4ABD27002037D7 /* Main.storyboard */ = {
			isa = PBXVariantGroup;
			children = (
				5430F59B1E4ABD27002037D7 /* Base */,
			);
			name = Main.storyboard;
			sourceTree = "<group>";
		};
		5430F59F1E4ABD27002037D7 /* LaunchScreen.storyboard */ = {
			isa = PBXVariantGroup;
			children = (
				5430F5A01E4ABD27002037D7 /* Base */,
			);
			name = LaunchScreen.storyboard;
			sourceTree = "<group>";
		};
/* End PBXVariantGroup section */

/* Begin XCBuildConfiguration section */
		5430F5B91E4ABD27002037D7 /* Debug */ = {
			isa = XCBuildConfiguration;
			buildSettings = {
				ALWAYS_SEARCH_USER_PATHS = NO;
				CLANG_ANALYZER_NONNULL = YES;
				CLANG_CXX_LANGUAGE_STANDARD = "gnu++0x";
				CLANG_CXX_LIBRARY = "libc++";
				CLANG_ENABLE_MODULES = YES;
				CLANG_ENABLE_OBJC_ARC = YES;
				CLANG_WARN_BOOL_CONVERSION = YES;
				CLANG_WARN_CONSTANT_CONVERSION = YES;
				CLANG_WARN_DIRECT_OBJC_ISA_USAGE = YES_ERROR;
				CLANG_WARN_DOCUMENTATION_COMMENTS = YES;
				CLANG_WARN_EMPTY_BODY = YES;
				CLANG_WARN_ENUM_CONVERSION = YES;
				CLANG_WARN_INFINITE_RECURSION = YES;
				CLANG_WARN_INT_CONVERSION = YES;
				CLANG_WARN_OBJC_ROOT_CLASS = YES_ERROR;
				CLANG_WARN_SUSPICIOUS_MOVE = YES;
				CLANG_WARN_UNREACHABLE_CODE = YES;
				CLANG_WARN__DUPLICATE_METHOD_MATCH = YES;
				"CODE_SIGN_IDENTITY[sdk=iphoneos*]" = "iPhone Developer";
				COPY_PHASE_STRIP = NO;
				DEBUG_INFORMATION_FORMAT = dwarf;
				ENABLE_STRICT_OBJC_MSGSEND = YES;
				ENABLE_TESTABILITY = YES;
				GCC_C_LANGUAGE_STANDARD = gnu99;
				GCC_DYNAMIC_NO_PIC = NO;
				GCC_NO_COMMON_BLOCKS = YES;
				GCC_OPTIMIZATION_LEVEL = 0;
				GCC_PREPROCESSOR_DEFINITIONS = (
					"DEBUG=1",
					"$(inherited)",
				);
				GCC_WARN_64_TO_32_BIT_CONVERSION = YES;
				GCC_WARN_ABOUT_RETURN_TYPE = YES_ERROR;
				GCC_WARN_UNDECLARED_SELECTOR = YES;
				GCC_WARN_UNINITIALIZED_AUTOS = YES_AGGRESSIVE;
				GCC_WARN_UNUSED_FUNCTION = YES;
				GCC_WARN_UNUSED_VARIABLE = YES;
				IPHONEOS_DEPLOYMENT_TARGET = 10.2;
				MTL_ENABLE_DEBUG_INFO = YES;
				ONLY_ACTIVE_ARCH = YES;
				SDKROOT = iphoneos;
				SWIFT_ACTIVE_COMPILATION_CONDITIONS = DEBUG;
				SWIFT_OPTIMIZATION_LEVEL = "-Onone";
			};
			name = Debug;
		};
		5430F5BA1E4ABD27002037D7 /* Release */ = {
			isa = XCBuildConfiguration;
			buildSettings = {
				ALWAYS_SEARCH_USER_PATHS = NO;
				CLANG_ANALYZER_NONNULL = YES;
				CLANG_CXX_LANGUAGE_STANDARD = "gnu++0x";
				CLANG_CXX_LIBRARY = "libc++";
				CLANG_ENABLE_MODULES = YES;
				CLANG_ENABLE_OBJC_ARC = YES;
				CLANG_WARN_BOOL_CONVERSION = YES;
				CLANG_WARN_CONSTANT_CONVERSION = YES;
				CLANG_WARN_DIRECT_OBJC_ISA_USAGE = YES_ERROR;
				CLANG_WARN_DOCUMENTATION_COMMENTS = YES;
				CLANG_WARN_EMPTY_BODY = YES;
				CLANG_WARN_ENUM_CONVERSION = YES;
				CLANG_WARN_INFINITE_RECURSION = YES;
				CLANG_WARN_INT_CONVERSION = YES;
				CLANG_WARN_OBJC_ROOT_CLASS = YES_ERROR;
				CLANG_WARN_SUSPICIOUS_MOVE = YES;
				CLANG_WARN_UNREACHABLE_CODE = YES;
				CLANG_WARN__DUPLICATE_METHOD_MATCH = YES;
				"CODE_SIGN_IDENTITY[sdk=iphoneos*]" = "iPhone Developer";
				COPY_PHASE_STRIP = NO;
				DEBUG_INFORMATION_FORMAT = "dwarf-with-dsym";
				ENABLE_NS_ASSERTIONS = NO;
				ENABLE_STRICT_OBJC_MSGSEND = YES;
				GCC_C_LANGUAGE_STANDARD = gnu99;
				GCC_NO_COMMON_BLOCKS = YES;
				GCC_WARN_64_TO_32_BIT_CONVERSION = YES;
				GCC_WARN_ABOUT_RETURN_TYPE = YES_ERROR;
				GCC_WARN_UNDECLARED_SELECTOR = YES;
				GCC_WARN_UNINITIALIZED_AUTOS = YES_AGGRESSIVE;
				GCC_WARN_UNUSED_FUNCTION = YES;
				GCC_WARN_UNUSED_VARIABLE = YES;
				IPHONEOS_DEPLOYMENT_TARGET = 10.2;
				MTL_ENABLE_DEBUG_INFO = NO;
				SDKROOT = iphoneos;
				SWIFT_OPTIMIZATION_LEVEL = "-Owholemodule";
				VALIDATE_PRODUCT = YES;
			};
			name = Release;
		};
		5430F5BC1E4ABD27002037D7 /* Debug */ = {
			isa = XCBuildConfiguration;
			baseConfigurationReference = 29B375916A114FEC181D8CBC /* Pods-iTFLS Seller.debug.xcconfig */;
			buildSettings = {
				ASSETCATALOG_COMPILER_APPICON_NAME = AppIcon;
				DEVELOPMENT_TEAM = 78V6E5P5R5;
				INFOPLIST_FILE = "iTFLS Seller/Info.plist";
				IPHONEOS_DEPLOYMENT_TARGET = 9.0;
				LD_RUNPATH_SEARCH_PATHS = "$(inherited) @executable_path/Frameworks";
				PRODUCT_BUNDLE_IDENTIFIER = "org.yqszxx.iTFLS-Seller";
				PRODUCT_NAME = "$(TARGET_NAME)";
				SWIFT_VERSION = 3.0;
			};
			name = Debug;
		};
		5430F5BD1E4ABD27002037D7 /* Release */ = {
			isa = XCBuildConfiguration;
			baseConfigurationReference = 48947FE36492B16AE27B1C05 /* Pods-iTFLS Seller.release.xcconfig */;
			buildSettings = {
				ASSETCATALOG_COMPILER_APPICON_NAME = AppIcon;
				DEVELOPMENT_TEAM = 78V6E5P5R5;
				INFOPLIST_FILE = "iTFLS Seller/Info.plist";
				IPHONEOS_DEPLOYMENT_TARGET = 9.0;
				LD_RUNPATH_SEARCH_PATHS = "$(inherited) @executable_path/Frameworks";
				PRODUCT_BUNDLE_IDENTIFIER = "org.yqszxx.iTFLS-Seller";
				PRODUCT_NAME = "$(TARGET_NAME)";
				SWIFT_VERSION = 3.0;
			};
			name = Release;
		};
		5430F5BF1E4ABD27002037D7 /* Debug */ = {
			isa = XCBuildConfiguration;
			baseConfigurationReference = 571A2315F314D1D8D632D59A /* Pods-iTFLS SellerTests.debug.xcconfig */;
			buildSettings = {
				ALWAYS_EMBED_SWIFT_STANDARD_LIBRARIES = YES;
				BUNDLE_LOADER = "$(TEST_HOST)";
				DEVELOPMENT_TEAM = 78V6E5P5R5;
				INFOPLIST_FILE = "iTFLS SellerTests/Info.plist";
				LD_RUNPATH_SEARCH_PATHS = "$(inherited) @executable_path/Frameworks @loader_path/Frameworks";
				PRODUCT_BUNDLE_IDENTIFIER = "org.yqszxx.iTFLS-SellerTests";
				PRODUCT_NAME = "$(TARGET_NAME)";
				SWIFT_VERSION = 3.0;
				TEST_HOST = "$(BUILT_PRODUCTS_DIR)/iTFLS Seller.app/iTFLS Seller";
			};
			name = Debug;
		};
		5430F5C01E4ABD27002037D7 /* Release */ = {
			isa = XCBuildConfiguration;
			baseConfigurationReference = 88A74E91695EC0E78EF6FACE /* Pods-iTFLS SellerTests.release.xcconfig */;
			buildSettings = {
				ALWAYS_EMBED_SWIFT_STANDARD_LIBRARIES = YES;
				BUNDLE_LOADER = "$(TEST_HOST)";
				DEVELOPMENT_TEAM = 78V6E5P5R5;
				INFOPLIST_FILE = "iTFLS SellerTests/Info.plist";
				LD_RUNPATH_SEARCH_PATHS = "$(inherited) @executable_path/Frameworks @loader_path/Frameworks";
				PRODUCT_BUNDLE_IDENTIFIER = "org.yqszxx.iTFLS-SellerTests";
				PRODUCT_NAME = "$(TARGET_NAME)";
				SWIFT_VERSION = 3.0;
				TEST_HOST = "$(BUILT_PRODUCTS_DIR)/iTFLS Seller.app/iTFLS Seller";
			};
			name = Release;
		};
		5430F5C21E4ABD27002037D7 /* Debug */ = {
			isa = XCBuildConfiguration;
			baseConfigurationReference = A310780290591482652D802B /* Pods-iTFLS SellerUITests.debug.xcconfig */;
			buildSettings = {
				ALWAYS_EMBED_SWIFT_STANDARD_LIBRARIES = YES;
				DEVELOPMENT_TEAM = 78V6E5P5R5;
				INFOPLIST_FILE = "iTFLS SellerUITests/Info.plist";
				LD_RUNPATH_SEARCH_PATHS = "$(inherited) @executable_path/Frameworks @loader_path/Frameworks";
				PRODUCT_BUNDLE_IDENTIFIER = "org.yqszxx.iTFLS-SellerUITests";
				PRODUCT_NAME = "$(TARGET_NAME)";
				SWIFT_VERSION = 3.0;
				TEST_TARGET_NAME = "iTFLS Seller";
			};
			name = Debug;
		};
		5430F5C31E4ABD27002037D7 /* Release */ = {
			isa = XCBuildConfiguration;
			baseConfigurationReference = 81FA5838618D54BAA726C23C /* Pods-iTFLS SellerUITests.release.xcconfig */;
			buildSettings = {
				ALWAYS_EMBED_SWIFT_STANDARD_LIBRARIES = YES;
				DEVELOPMENT_TEAM = 78V6E5P5R5;
				INFOPLIST_FILE = "iTFLS SellerUITests/Info.plist";
				LD_RUNPATH_SEARCH_PATHS = "$(inherited) @executable_path/Frameworks @loader_path/Frameworks";
				PRODUCT_BUNDLE_IDENTIFIER = "org.yqszxx.iTFLS-SellerUITests";
				PRODUCT_NAME = "$(TARGET_NAME)";
				SWIFT_VERSION = 3.0;
				TEST_TARGET_NAME = "iTFLS Seller";
			};
			name = Release;
		};
/* End XCBuildConfiguration section */

/* Begin XCConfigurationList section */
		5430F58C1E4ABD27002037D7 /* Build configuration list for PBXProject "iTFLS Seller" */ = {
			isa = XCConfigurationList;
			buildConfigurations = (
				5430F5B91E4ABD27002037D7 /* Debug */,
				5430F5BA1E4ABD27002037D7 /* Release */,
			);
			defaultConfigurationIsVisible = 0;
			defaultConfigurationName = Release;
		};
		5430F5BB1E4ABD27002037D7 /* Build configuration list for PBXNativeTarget "iTFLS Seller" */ = {
			isa = XCConfigurationList;
			buildConfigurations = (
				5430F5BC1E4ABD27002037D7 /* Debug */,
				5430F5BD1E4ABD27002037D7 /* Release */,
			);
			defaultConfigurationIsVisible = 0;
			defaultConfigurationName = Release;
		};
		5430F5BE1E4ABD27002037D7 /* Build configuration list for PBXNativeTarget "iTFLS SellerTests" */ = {
			isa = XCConfigurationList;
			buildConfigurations = (
				5430F5BF1E4ABD27002037D7 /* Debug */,
				5430F5C01E4ABD27002037D7 /* Release */,
			);
			defaultConfigurationIsVisible = 0;
			defaultConfigurationName = Release;
		};
		5430F5C11E4ABD27002037D7 /* Build configuration list for PBXNativeTarget "iTFLS SellerUITests" */ = {
			isa = XCConfigurationList;
			buildConfigurations = (
				5430F5C21E4ABD27002037D7 /* Debug */,
				5430F5C31E4ABD27002037D7 /* Release */,
			);
			defaultConfigurationIsVisible = 0;
			defaultConfigurationName = Release;
		};
/* End XCConfigurationList section */
	};
	rootObject = 5430F5891E4ABD27002037D7 /* Project object */;
}
